
Microsoft Visual Studio Solution File, Format Version 12.00
# Visual Studio 15
VisualStudioVersion = 15.0.27703.2047
MinimumVisualStudioVersion = 10.0.40219.1
Project("{8BC9CEB8-8B4A-11D0-8D11-00A0C91BC942}") = "Sonic Engine", "Sonic Engine\Sonic Engine.vcxproj", "{AAA5A3D8-5CB6-4EC8-B7C3-61503E1B12BD}"
EndProject
Global
	GlobalSection(SolutionConfigurationPlatforms) = preSolution
		Debug|x64 = Debug|x64
		Debug|x86 = Debug|x86
		Release|x64 = Release|x64
		Release|x86 = Release|x86
	EndGlobalSection
	GlobalSection(ProjectConfigurationPlatforms) = postSolution
		{AAA5A3D8-5CB6-4EC8-B7C3-61503E1B12BD}.Debug|x64.ActiveCfg = Debug|x64
		{AAA5A3D8-5CB6-4EC8-B7C3-61503E1B12BD}.Debug|x64.Build.0 = Debug|x64
		{AAA5A3D8-5CB6-4EC8-B7C3-61503E1B12BD}.Debug|x86.ActiveCfg = Debug|Win32
		{AAA5A3D8-5CB6-4EC8-B7C3-61503E1B12BD}.Debug|x86.Build.0 = Debug|Win32
		{AAA5A3D8-5CB6-4EC8-B7C3-61503E1B12BD}.Release|x64.ActiveCfg = Release|x64
		{AAA5A3D8-5CB6-4EC8-B7C3-61503E1B12BD}.Release|x64.Build.0 = Release|x64
		{AAA5A3D8-5CB6-4EC8-B7C3-61503E1B12BD}.Release|x86.ActiveCfg = Release|Win32
		{AAA5A3D8-5CB6-4EC8-B7C3-61503E1B12BD}.Release|x86.Build.0 = Release|Win32
	EndGlobalSection
	GlobalSection(SolutionProperties) = preSolution
		HideSolutionNode = FALSE
	EndGlobalSection
	GlobalSection(ExtensibilityGlobals) = postSolution
		SolutionGuid = {0C3F77F3-3465-451F-9521-C56A8C5E450B}
	EndGlobalSection
EndGlobal
